
Microsoft Visual Studio Solution File, Format Version 12.00
# Visual Studio 15
VisualStudioVersion = 15.0.28307.645
MinimumVisualStudioVersion = 10.0.40219.1
Project("{E24C65DC-7377-472B-9ABA-BC803B73C61A}") = "Fronted", ".", "{40DC8D8D-D47B-4235-B4CB-3E126A7D5FE0}"
	ProjectSection(WebsiteProperties) = preProject
		TargetFrameworkMoniker = ".NETFramework,Version%3Dv4.5.2"
		Debug.AspNetCompiler.VirtualPath = "/localhost_3754"
		Debug.AspNetCompiler.PhysicalPath = "D:\Colin\MySVN\Fronted\"
		Debug.AspNetCompiler.TargetPath = "PrecompiledWeb\localhost_3754\"
		Debug.AspNetCompiler.Updateable = "true"
		Debug.AspNetCompiler.ForceOverwrite = "true"
		Debug.AspNetCompiler.FixedNames = "false"
		Debug.AspNetCompiler.Debug = "True"
		Release.AspNetCompiler.VirtualPath = "/localhost_3754"
		Release.AspNetCompiler.PhysicalPath = "D:\Colin\MySVN\Fronted\"
		Release.AspNetCompiler.TargetPath = "PrecompiledWeb\localhost_3754\"
		Release.AspNetCompiler.Updateable = "true"
		Release.AspNetCompiler.ForceOverwrite = "true"
		Release.AspNetCompiler.FixedNames = "false"
		Release.AspNetCompiler.Debug = "False"
		VWDPort = "3754"
	EndProjectSection
EndProject
Global
	GlobalSection(SolutionConfigurationPlatforms) = preSolution
		Debug|Any CPU = Debug|Any CPU
	EndGlobalSection
	GlobalSection(ProjectConfigurationPlatforms) = postSolution
		{40DC8D8D-D47B-4235-B4CB-3E126A7D5FE0}.Debug|Any CPU.ActiveCfg = Debug|Any CPU
		{40DC8D8D-D47B-4235-B4CB-3E126A7D5FE0}.Debug|Any CPU.Build.0 = Debug|Any CPU
	EndGlobalSection
	GlobalSection(SolutionProperties) = preSolution
		HideSolutionNode = FALSE
	EndGlobalSection
	GlobalSection(ExtensibilityGlobals) = postSolution
		SolutionGuid = {AE7384B5-1DC9-476C-8123-20A2C44167F7}
	EndGlobalSection
EndGlobal
